
Microsoft Visual Studio Solution File, Format Version 12.00
# Visual Studio Version 17
VisualStudioVersion = 17.13.35806.99 d17.13
MinimumVisualStudioVersion = 10.0.40219.1
Project("{FAE04EC0-301F-11D3-BF4B-00C04F79EFBC}") = "WritForm", "WritForm\WritForm.csproj", "{A9568988-AD8F-4893-BC61-5FCB3E588B5D}"
EndProject
Global
	GlobalSection(SolutionConfigurationPlatforms) = preSolution
		Debug|Any CPU = Debug|Any CPU
		Release|Any CPU = Release|Any CPU
	EndGlobalSection
	GlobalSection(ProjectConfigurationPlatforms) = postSolution
		{A9568988-AD8F-4893-BC61-5FCB3E588B5D}.Debug|Any CPU.ActiveCfg = Debug|Any CPU
		{A9568988-AD8F-4893-BC61-5FCB3E588B5D}.Debug|Any CPU.Build.0 = Debug|Any CPU
		{A9568988-AD8F-4893-BC61-5FCB3E588B5D}.Release|Any CPU.ActiveCfg = Release|Any CPU
		{A9568988-AD8F-4893-BC61-5FCB3E588B5D}.Release|Any CPU.Build.0 = Release|Any CPU
	EndGlobalSection
	GlobalSection(SolutionProperties) = preSolution
		HideSolutionNode = FALSE
	EndGlobalSection
	GlobalSection(ExtensibilityGlobals) = postSolution
		SolutionGuid = {AFC1FCD1-1A4D-414E-A477-D46386AAAB03}
	EndGlobalSection
EndGlobal
